PODS:
  - AFNetworking (3.1.0):
    - AFNetworking/NSURLSession (= 3.1.0)
    - AFNetworking/Reachability (= 3.1.0)
    - AFNetworking/Security (= 3.1.0)
    - AFNetworking/Serialization (= 3.1.0)
    - AFNetworking/UIKit (= 3.1.0)
  - AFNetworking/NSURLSession (3.1.0):
    - AFNetworking/Reachability
    - AFNetworking/Security
    - AFNetworking/Serialization
  - AFNetworking/Reachability (3.1.0)
  - AFNetworking/Security (3.1.0)
  - AFNetworking/Serialization (3.1.0)
  - AFNetworking/UIKit (3.1.0):
    - AFNetworking/NSURLSession
  - BlocksKit (2.2.5):
    - BlocksKit/All (= 2.2.5)
  - BlocksKit/All (2.2.5):
    - BlocksKit/Core
    - BlocksKit/DynamicDelegate
    - BlocksKit/MessageUI
    - BlocksKit/UIKit
  - BlocksKit/Core (2.2.5)
  - BlocksKit/DynamicDelegate (2.2.5)
  - BlocksKit/MessageUI (2.2.5):
    - BlocksKit/Core
    - BlocksKit/DynamicDelegate
  - BlocksKit/UIKit (2.2.5):
    - BlocksKit/Core
    - BlocksKit/DynamicDelegate
  - FBRetainCycleDetector (0.1.4)
  - FMDB (2.7.2):
    - FMDB/standard (= 2.7.2)
  - FMDB/FTS (2.7.2):
    - FMDB/standard
  - FMDB/standard (2.7.2)
  - FXBlurView (1.6.4)
  - LPUIKit (0.1.6):
    - Masonry
    - PocketSVG
  - Masonry (1.1.0)
  - MBProgressHUD (1.1.0)
  - MGSwipeTableCell (1.6.6)
  - MJExtension (3.0.13)
  - MJRefresh (3.1.15.1)
  - MLeaksFinder (1.0.0):
    - FBRetainCycleDetector
  - NJKWebViewProgress (0.2.3):
    - NJKWebViewProgress/Core (= 0.2.3)
    - NJKWebViewProgress/ProgressView (= 0.2.3)
  - NJKWebViewProgress/Core (0.2.3)
  - NJKWebViewProgress/ProgressView (0.2.3)
  - PINCache (2.3)
  - PinYin4Objc (1.1.1)
  - PocketSVG (2.2.1)
  - SDCycleScrollView (1.75):
    - SDWebImage (>= 4.0.0)
  - SDWebImage (4.2.2):
    - SDWebImage/Core (= 4.2.2)
  - SDWebImage/Core (4.2.2)
  - SGPagingView (1.3.4)
  - YTKNetwork (2.0.4):
    - AFNetworking (~> 3.0)

DEPENDENCIES:
  - AFNetworking
  - BlocksKit
  - FMDB
  - FMDB/FTS
  - FXBlurView
  - LPUIKit
  - Masonry
  - MBProgressHUD
  - MGSwipeTableCell
  - MJExtension
  - MJRefresh
  - MLeaksFinder
  - NJKWebViewProgress
  - PINCache
  - PinYin4Objc
  - PocketSVG
  - SDCycleScrollView
  - SDWebImage
  - SGPagingView
  - YTKNetwork

SPEC CHECKSUMS:
  AFNetworking: 5e0e199f73d8626b11e79750991f5d173d1f8b67
  BlocksKit: 7f422b971407001178d181a43b99014ea2591fe6
  FBRetainCycleDetector: 46f8179bbb1c587deee3ea838a1a3ee02acf5015
  FMDB: 6198a90e7b6900cfc046e6bc0ef6ebb7be9236aa
  FXBlurView: db786c2561cb49a09ae98407f52460096ab8a44f
  LPUIKit: 43c65ebb67193bca95f3ecdf0d4711970e3be63e
  Masonry: 678fab65091a9290e40e2832a55e7ab731aad201
  MBProgressHUD: e7baa36a220447d8aeb12769bf0585582f3866d9
  MGSwipeTableCell: c3bc6e261e7bc06c112909fe3fb8205de286082c
  MJExtension: 5932755f451458eefa24239358817f8d291240c7
  MJRefresh: 5f8552bc25ca8751c010f621c1098dbdaacbccd6
  MLeaksFinder: 8c435bd2f6d070af18cff082b503b21adc130fc0
  NJKWebViewProgress: f481fd424cb5ecc27eacae11b5397db92fba9a4d
  PINCache: ce36ed282031b92fc7733ffe831f474ff80fddc2
  PinYin4Objc: 3fa9673610368330e2dfb688b1d19a35c3930a78
  PocketSVG: 51c4d5cb9ae7623d4494f439f69747394bad5d67
  SDCycleScrollView: 884b88f0266dd4708a0e1934975c69cb971707b1
  SDWebImage: 89a9d32cd520bbb46eb14e541d5109b3564af198
  SGPagingView: 5e8c601e46fa83f4a1b4f4428916db0f3e0aee41
  YTKNetwork: df8a7a5597bda1664a4efaa7ef871a818a887fe0

PODFILE CHECKSUM: a33f327a8c49c60ff3fa9b4c5fe9accf88bcc6cb

COCOAPODS: 1.3.1
